<?xml version="1.0" encoding="utf-8"?>
<Project ToolsVersion="4.0" xmlns="http://schemas.microsoft.com/developer/msbuild/2003">
  <ItemGroup>
    <Filter Include="Source Files">
      <UniqueIdentifier>{4FC737F1-C7A5-4376-A066-2A32D752A2FF}</UniqueIdentifier>
      <Extensions>cpp;c;cc;cxx;c++;cppm;ixx;def;odl;idl;hpj;bat;asm;asmx</Extensions>
    </Filter>
    <Filter Include="Header Files">
      <UniqueIdentifier>{93995380-89BD-4b04-88EB-625FBE52EBFB}</UniqueIdentifier>
      <Extensions>h;hh;hpp;hxx;h++;hm;inl;inc;ipp;xsd</Extensions>
    </Filter>
  </ItemGroup>
  <ItemGroup>
    <ClInclude Include="logf.h">
      <Filter>Header Files</Filter>
    </ClInclude>
    <ClInclude Include="sominput.h">
      <Filter>Header Files</Filter>
    </ClInclude>
    <ClInclude Include="somwindow.h">
      <Filter>Header Files</Filter>
    </ClInclude>
    <ClInclude Include="somconf.h">
      <Filter>Header Files</Filter>
    </ClInclude>
    <ClInclude Include="somsound.h">
      <Filter>Header Files</Filter>
    </ClInclude>
    <ClInclude Include="somgamedata.h">
      <Filter>Header Files</Filter>
    </ClInclude>
    <ClInclude Include="somgdi.h">
      <Filter>Header Files</Filter>
    </ClInclude>
    <ClInclude Include="hasher.h">
      <Filter>Header Files</Filter>
    </ClInclude>
  </ItemGroup>
  <ItemGroup>
    <ClCompile Include="dllmain.cpp">
      <Filter>Source Files</Filter>
    </ClCompile>
    <ClCompile Include="logf.cpp">
      <Filter>Source Files</Filter>
    </ClCompile>
    <ClCompile Include="sominput.cpp">
      <Filter>Source Files</Filter>
    </ClCompile>
    <ClCompile Include="somwindow.cpp">
      <Filter>Source Files</Filter>
    </ClCompile>
    <ClCompile Include="somconf.cpp">
      <Filter>Source Files</Filter>
    </ClCompile>
    <ClCompile Include="somsound.cpp">
      <Filter>Source Files</Filter>
    </ClCompile>
    <ClCompile Include="somgamedata.cpp">
      <Filter>Source Files</Filter>
    </ClCompile>
    <ClCompile Include="somgdi.cpp">
      <Filter>Source Files</Filter>
    </ClCompile>
    <ClCompile Include="hasher.cpp">
      <Filter>Source Files</Filter>
    </ClCompile>
  </ItemGroup>
</Project>